
Microsoft Visual Studio Solution File, Format Version 12.00
# Visual Studio Version 17
VisualStudioVersion = 17.0.31903.59
MinimumVisualStudioVersion = 10.0.40219.1
Project("{F184B08F-C81C-45F6-A57F-5ABD9991F28F}") = "TimetableCore", "TimetableCore\TimetableCore.vbproj", "{79663DA8-F9F4-4617-A4D1-29A5F0600691}"
EndProject
Project("{F184B08F-C81C-45F6-A57F-5ABD9991F28F}") = "TimetableCore.Tests", "TimetableCore.Tests\TimetableCore.Tests.vbproj", "{8520A776-7F0F-490E-8A0F-BDA847A355C3}"
EndProject
Project("{F184B08F-C81C-45F6-A57F-5ABD9991F28F}") = "RobustnessRunner", "RobustnessRunner\RobustnessRunner.vbproj", "{4E03289C-05F5-43B5-8E31-E27F315DE7DE}"
EndProject
Global
	GlobalSection(SolutionConfigurationPlatforms) = preSolution
		Debug|Any CPU = Debug|Any CPU
		Release|Any CPU = Release|Any CPU
	EndGlobalSection
	GlobalSection(SolutionProperties) = preSolution
		HideSolutionNode = FALSE
	EndGlobalSection
	GlobalSection(ProjectConfigurationPlatforms) = postSolution
		{79663DA8-F9F4-4617-A4D1-29A5F0600691}.Debug|Any CPU.ActiveCfg = Debug|Any CPU
		{79663DA8-F9F4-4617-A4D1-29A5F0600691}.Debug|Any CPU.Build.0 = Debug|Any CPU
		{79663DA8-F9F4-4617-A4D1-29A5F0600691}.Release|Any CPU.ActiveCfg = Release|Any CPU
		{79663DA8-F9F4-4617-A4D1-29A5F0600691}.Release|Any CPU.Build.0 = Release|Any CPU
		{8520A776-7F0F-490E-8A0F-BDA847A355C3}.Debug|Any CPU.ActiveCfg = Debug|Any CPU
		{8520A776-7F0F-490E-8A0F-BDA847A355C3}.Debug|Any CPU.Build.0 = Debug|Any CPU
		{8520A776-7F0F-490E-8A0F-BDA847A355C3}.Release|Any CPU.ActiveCfg = Release|Any CPU
		{8520A776-7F0F-490E-8A0F-BDA847A355C3}.Release|Any CPU.Build.0 = Release|Any CPU
		{4E03289C-05F5-43B5-8E31-E27F315DE7DE}.Debug|Any CPU.ActiveCfg = Debug|Any CPU
		{4E03289C-05F5-43B5-8E31-E27F315DE7DE}.Debug|Any CPU.Build.0 = Debug|Any CPU
		{4E03289C-05F5-43B5-8E31-E27F315DE7DE}.Release|Any CPU.ActiveCfg = Release|Any CPU
		{4E03289C-05F5-43B5-8E31-E27F315DE7DE}.Release|Any CPU.Build.0 = Release|Any CPU
	EndGlobalSection
EndGlobal
